
Microsoft Visual Studio Solution File, Format Version 12.00
# Visual Studio Version 17
VisualStudioVersion = 17.9.34616.47
MinimumVisualStudioVersion = 10.0.40219.1
Project("{9A19103F-16F7-4668-BE54-9A1E7A4F7556}") = "KampIntro", "KampIntro\KampIntro.csproj", "{FD4814D8-E642-421D-95A1-4FD1B8828786}"
EndProject
Project("{9A19103F-16F7-4668-BE54-9A1E7A4F7556}") = "Donguler", "Donguler\Donguler.csproj", "{89EDFBBC-3E24-4538-AC76-74244936C827}"
EndProject
Project("{9A19103F-16F7-4668-BE54-9A1E7A4F7556}") = "ClassIntro", "ClassIntro\ClassIntro.csproj", "{6FB00B31-9AC9-4ECE-8F06-F4A53C29739A}"
EndProject
Project("{9A19103F-16F7-4668-BE54-9A1E7A4F7556}") = "Metotlar", "Metotlar\Metotlar.csproj", "{77B98F91-58B5-47C9-BF6C-3677EDBF2D7C}"
EndProject
Project("{9A19103F-16F7-4668-BE54-9A1E7A4F7556}") = "Matematik", "Matematik\Matematik.csproj", "{32F55BA6-A996-43A7-A71A-8CEF4EAC493F}"
EndProject
Project("{9A19103F-16F7-4668-BE54-9A1E7A4F7556}") = "DegerVeReferansTipler", "DegerVeReferansTipler\DegerVeReferansTipler.csproj", "{E4431361-6BA9-411E-9FB3-3D21DDB06730}"
EndProject
Project("{9A19103F-16F7-4668-BE54-9A1E7A4F7556}") = "OOP1", "OOP1\OOP1.csproj", "{2CF55798-135A-45A0-9F72-FA3B8E6B01AD}"
EndProject
Project("{9A19103F-16F7-4668-BE54-9A1E7A4F7556}") = "Koleksiyonlar", "Koleksiyonlar\Koleksiyonlar.csproj", "{B1690E7E-E837-49EC-A33B-3117FF816904}"
EndProject
Project("{FAE04EC0-301F-11D3-BF4B-00C04F79EFBC}") = "GenericsIntro", "GenericsIntro\GenericsIntro.csproj", "{7C121D85-ED5C-4C36-982C-39D3ACB7D00D}"
EndProject
Global
	GlobalSection(SolutionConfigurationPlatforms) = preSolution
		Debug|Any CPU = Debug|Any CPU
		Release|Any CPU = Release|Any CPU
	EndGlobalSection
	GlobalSection(ProjectConfigurationPlatforms) = postSolution
		{FD4814D8-E642-421D-95A1-4FD1B8828786}.Debug|Any CPU.ActiveCfg = Debug|Any CPU
		{FD4814D8-E642-421D-95A1-4FD1B8828786}.Debug|Any CPU.Build.0 = Debug|Any CPU
		{FD4814D8-E642-421D-95A1-4FD1B8828786}.Release|Any CPU.ActiveCfg = Release|Any CPU
		{FD4814D8-E642-421D-95A1-4FD1B8828786}.Release|Any CPU.Build.0 = Release|Any CPU
		{89EDFBBC-3E24-4538-AC76-74244936C827}.Debug|Any CPU.ActiveCfg = Debug|Any CPU
		{89EDFBBC-3E24-4538-AC76-74244936C827}.Debug|Any CPU.Build.0 = Debug|Any CPU
		{89EDFBBC-3E24-4538-AC76-74244936C827}.Release|Any CPU.ActiveCfg = Release|Any CPU
		{89EDFBBC-3E24-4538-AC76-74244936C827}.Release|Any CPU.Build.0 = Release|Any CPU
		{6FB00B31-9AC9-4ECE-8F06-F4A53C29739A}.Debug|Any CPU.ActiveCfg = Debug|Any CPU
		{6FB00B31-9AC9-4ECE-8F06-F4A53C29739A}.Debug|Any CPU.Build.0 = Debug|Any CPU
		{6FB00B31-9AC9-4ECE-8F06-F4A53C29739A}.Release|Any CPU.ActiveCfg = Release|Any CPU
		{6FB00B31-9AC9-4ECE-8F06-F4A53C29739A}.Release|Any CPU.Build.0 = Release|Any CPU
		{77B98F91-58B5-47C9-BF6C-3677EDBF2D7C}.Debug|Any CPU.ActiveCfg = Debug|Any CPU
		{77B98F91-58B5-47C9-BF6C-3677EDBF2D7C}.Debug|Any CPU.Build.0 = Debug|Any CPU
		{77B98F91-58B5-47C9-BF6C-3677EDBF2D7C}.Release|Any CPU.ActiveCfg = Release|Any CPU
		{77B98F91-58B5-47C9-BF6C-3677EDBF2D7C}.Release|Any CPU.Build.0 = Release|Any CPU
		{32F55BA6-A996-43A7-A71A-8CEF4EAC493F}.Debug|Any CPU.ActiveCfg = Debug|Any CPU
		{32F55BA6-A996-43A7-A71A-8CEF4EAC493F}.Debug|Any CPU.Build.0 = Debug|Any CPU
		{32F55BA6-A996-43A7-A71A-8CEF4EAC493F}.Release|Any CPU.ActiveCfg = Release|Any CPU
		{32F55BA6-A996-43A7-A71A-8CEF4EAC493F}.Release|Any CPU.Build.0 = Release|Any CPU
		{E4431361-6BA9-411E-9FB3-3D21DDB06730}.Debug|Any CPU.ActiveCfg = Debug|Any CPU
		{E4431361-6BA9-411E-9FB3-3D21DDB06730}.Debug|Any CPU.Build.0 = Debug|Any CPU
		{E4431361-6BA9-411E-9FB3-3D21DDB06730}.Release|Any CPU.ActiveCfg = Release|Any CPU
		{E4431361-6BA9-411E-9FB3-3D21DDB06730}.Release|Any CPU.Build.0 = Release|Any CPU
		{2CF55798-135A-45A0-9F72-FA3B8E6B01AD}.Debug|Any CPU.ActiveCfg = Debug|Any CPU
		{2CF55798-135A-45A0-9F72-FA3B8E6B01AD}.Debug|Any CPU.Build.0 = Debug|Any CPU
		{2CF55798-135A-45A0-9F72-FA3B8E6B01AD}.Release|Any CPU.ActiveCfg = Release|Any CPU
		{2CF55798-135A-45A0-9F72-FA3B8E6B01AD}.Release|Any CPU.Build.0 = Release|Any CPU
		{B1690E7E-E837-49EC-A33B-3117FF816904}.Debug|Any CPU.ActiveCfg = Debug|Any CPU
		{B1690E7E-E837-49EC-A33B-3117FF816904}.Debug|Any CPU.Build.0 = Debug|Any CPU
		{B1690E7E-E837-49EC-A33B-3117FF816904}.Release|Any CPU.ActiveCfg = Release|Any CPU
		{B1690E7E-E837-49EC-A33B-3117FF816904}.Release|Any CPU.Build.0 = Release|Any CPU
		{7C121D85-ED5C-4C36-982C-39D3ACB7D00D}.Debug|Any CPU.ActiveCfg = Debug|Any CPU
		{7C121D85-ED5C-4C36-982C-39D3ACB7D00D}.Debug|Any CPU.Build.0 = Debug|Any CPU
		{7C121D85-ED5C-4C36-982C-39D3ACB7D00D}.Release|Any CPU.ActiveCfg = Release|Any CPU
		{7C121D85-ED5C-4C36-982C-39D3ACB7D00D}.Release|Any CPU.Build.0 = Release|Any CPU
	EndGlobalSection
	GlobalSection(SolutionProperties) = preSolution
		HideSolutionNode = FALSE
	EndGlobalSection
	GlobalSection(ExtensibilityGlobals) = postSolution
		SolutionGuid = {0CE32910-0EF3-40F5-B43A-13EED02981BA}
	EndGlobalSection
EndGlobal
